
Microsoft Visual Studio Solution File, Format Version 12.00
# Visual Studio 2013
VisualStudioVersion = 12.0.21005.1
MinimumVisualStudioVersion = 10.0.40219.1
Project("{FAE04EC0-301F-11D3-BF4B-00C04F79EFBC}") = "EF.RBAC", "EF.RBAC\EF.RBAC.csproj", "{3CDF90E5-F66F-4A6A-BE04-7C0264764911}"
EndProject
Project("{FAE04EC0-301F-11D3-BF4B-00C04F79EFBC}") = "EF.Common", "Common\EF.Common.csproj", "{849730B1-7DBD-438D-9701-9385BD89588F}"
EndProject
Project("{FAE04EC0-301F-11D3-BF4B-00C04F79EFBC}") = "Model", "Model\Model.csproj", "{3FDD9233-8A9E-4AB4-887D-00AA911C6C7C}"
EndProject
Project("{FAE04EC0-301F-11D3-BF4B-00C04F79EFBC}") = "EF.RBACTests", "EF.RBACTests\EF.RBACTests.csproj", "{8A8A053C-1674-45EF-9B20-00E06C18150B}"
EndProject
Global
	GlobalSection(SolutionConfigurationPlatforms) = preSolution
		Debug|Any CPU = Debug|Any CPU
		Release|Any CPU = Release|Any CPU
	EndGlobalSection
	GlobalSection(ProjectConfigurationPlatforms) = postSolution
		{3CDF90E5-F66F-4A6A-BE04-7C0264764911}.Debug|Any CPU.ActiveCfg = Debug|Any CPU
		{3CDF90E5-F66F-4A6A-BE04-7C0264764911}.Debug|Any CPU.Build.0 = Debug|Any CPU
		{3CDF90E5-F66F-4A6A-BE04-7C0264764911}.Release|Any CPU.ActiveCfg = Release|Any CPU
		{3CDF90E5-F66F-4A6A-BE04-7C0264764911}.Release|Any CPU.Build.0 = Release|Any CPU
		{849730B1-7DBD-438D-9701-9385BD89588F}.Debug|Any CPU.ActiveCfg = Debug|Any CPU
		{849730B1-7DBD-438D-9701-9385BD89588F}.Debug|Any CPU.Build.0 = Debug|Any CPU
		{849730B1-7DBD-438D-9701-9385BD89588F}.Release|Any CPU.ActiveCfg = Release|Any CPU
		{849730B1-7DBD-438D-9701-9385BD89588F}.Release|Any CPU.Build.0 = Release|Any CPU
		{3FDD9233-8A9E-4AB4-887D-00AA911C6C7C}.Debug|Any CPU.ActiveCfg = Debug|Any CPU
		{3FDD9233-8A9E-4AB4-887D-00AA911C6C7C}.Debug|Any CPU.Build.0 = Debug|Any CPU
		{3FDD9233-8A9E-4AB4-887D-00AA911C6C7C}.Release|Any CPU.ActiveCfg = Release|Any CPU
		{3FDD9233-8A9E-4AB4-887D-00AA911C6C7C}.Release|Any CPU.Build.0 = Release|Any CPU
		{8A8A053C-1674-45EF-9B20-00E06C18150B}.Debug|Any CPU.ActiveCfg = Debug|Any CPU
		{8A8A053C-1674-45EF-9B20-00E06C18150B}.Debug|Any CPU.Build.0 = Debug|Any CPU
		{8A8A053C-1674-45EF-9B20-00E06C18150B}.Release|Any CPU.ActiveCfg = Release|Any CPU
		{8A8A053C-1674-45EF-9B20-00E06C18150B}.Release|Any CPU.Build.0 = Release|Any CPU
	EndGlobalSection
	GlobalSection(SolutionProperties) = preSolution
		HideSolutionNode = FALSE
	EndGlobalSection
EndGlobal
